github.com/marstr/collection v1.0.1 h1:j61osRfyny7zxBlLRtoCvOZ2VX7HEyybkZcsLNLJ0z0=
github.com/marstr/collection v1.0.1/go.mod h1:HHDXVxjLO3UYCBXJWY+J/ZrxCUOYqrO66ob1AzIsmYA=
github.com/marstr/envelopes v0.0.0-20190915060853-4f4f3ab06b06 h1:UuAkm999fBdFMxllcfOnFVMny/abvlUFEvXWVv/PMf0=
github.com/marstr/envelopes v0.0.0-20190915060853-4f4f3ab06b06/go.mod h1:E+AJbWeG4QmcZnSQW2aII/Gw9XIumNhshpii+jHBkms=
github.com/mitchellh/go-homedir v0.0.0-20161203194507-b8bc1bf76747 h1:eQox4Rh4ewJF+mqYPxCkmBAirRnPaHEB26UkNuPyjlk=
github.com/mitchellh/go-homedir v0.0.0-20161203194507-b8bc1bf76747/go.mod h1:SfyaCUpYCn1Vlf4IUYiD9fPX4A5wJrkLzIz1N1q0pr0=
